{
 "concrete_specs": {
  "mqdqvztrhtpiuybeoice3osi55efs2q4": {
   "string-view-lite": {
    "version": "1.2.0",
    "arch": {
     "platform": "linux",
     "platform_os": "rhel7",
     "target": "x86_64"
    },
    "compiler": {
     "name": "intel",
     "version": "18.0.5"
    },
    "namespace": "builtin",
    "parameters": {
     "build_type": "RelWithDebInfo",
     "cflags": [],
     "cppflags": [],
     "cxxflags": [],
     "fflags": [],
     "ldflags": [],
     "ldlibs": []
    },
    "dependencies": {
     "cmake": {
      "hash": "tinyjfymj2wybs22ygzw3p2ixkw2uqpm",
      "type": [
       "build"
      ]
     }
    },
    "hash": "hn7s4tn7muoppbhti6n7at2kwyyoewyl"
   }
  },
  "sxgr3c372ensycdnlsfrb7k2i3yji7hl": {
   "gtest-mpi": {
    "version": "0.1.0",
    "arch": {
     "platform": "linux",
     "platform_os": "rhel7",
     "target": "x86_64"
    },
    "compiler": {
     "name": "intel",
     "version": "18.0.5"
    },
    "namespace": "cellar-spack-repo",
    "parameters": {
     "build_type": "RelWithDebInfo",
     "cflags": [],
     "cppflags": [],
     "cxxflags": [],
     "fflags": [],
     "ldflags": [],
     "ldlibs": []
    },
    "dependencies": {
     "cmake": {
      "hash": "tinyjfymj2wybs22ygzw3p2ixkw2uqpm",
      "type": [
       "build"
      ]
     },
     "googletest": {
      "hash": "563yqgk7ytyzu3g5bzj65w7ei3uc5p3z",
      "type": [
       "build",
       "link"
      ]
     },
     "openmpi": {
      "hash": "acojzvvgpxzbggj4va56nrnnqnc6lnum",
      "type": [
       "build",
       "link"
      ]
     }
    },
    "hash": "pko6tbhzsvuqhfirg3m46kvjr6jovwrp"
   }
  },
  "ofhjdn6loglkginggjaanzossgfqtoq3": {
   "googletest": {
    "version": "1.8.1",
    "arch": {
     "platform": "linux",
     "platform_os": "rhel7",
     "target": "x86_64"
    },
    "compiler": {
     "name": "gcc",
     "version": "6.4.0"
    },
    "namespace": "builtin",
    "parameters": {
     "build_type": "RelWithDebInfo",
     "gmock": false,
     "pthreads": true,
     "shared": true,
     "cflags": [],
     "cppflags": [],
     "cxxflags": [],
     "fflags": [],
     "ldflags": [],
     "ldlibs": []
    },
    "dependencies": {
     "cmake": {
      "hash": "jegdfp5qvlfgae4rvnblnrmpjvypnhqj",
      "type": [
       "build"
      ]
     }
    },
    "hash": "adpzfddwaa7sawjq572ddfe52vs7bupx"
   }
  },
  "6xlfhcxs6o6xeced4gsmwl2akf46wpe5": {
   "kokkos": {
    "version": "2.8.00",
    "arch": {
     "platform": "linux",
     "platform_os": "rhel7",
     "target": "x86_64"
    },
    "compiler": {
     "name": "intel",
     "version": "18.0.5"
    },
    "namespace": "builtin",
    "parameters": {
     "aggressive_vectorization": false,
     "compiler_warnings": false,
     "cuda": false,
     "debug": false,
     "disable_deprecated_code": true,
     "disable_dualview_modify_check": false,
     "disable_profiling": false,
     "enable_eti": false,
     "enable_lambda": false,
     "enable_profile_load_print": false,
     "force_uvm": false,
     "gpu_arch": "none",
     "host_arch": "none",
     "openmp": true,
     "pic": false,
     "pthreads": false,
     "qthreads": false,
     "rdc": false,
     "serial": true,
     "use_ldg": false,
     "cflags": [],
     "cppflags": [],
     "cxxflags": [],
     "fflags": [],
     "ldflags": [],
     "ldlibs": []
    },
    "dependencies": {
     "hwloc": {
      "hash": "rcpr4gwcrz2o7s7mmxihicsqar6hqoez",
      "type": [
       "build",
       "link"
      ]
     }
    },
    "hash": "6xlfhcxs6o6xeced4gsmwl2akf46wpe5"
   }
  },
  "xeohrl35giaod6ep642zjlotpot4rmyt": {
   "gtest-mpi": {
    "version": "0.1.0",
    "arch": {
     "platform": "linux",
     "platform_os": "rhel7",
     "target": "x86_64"
    },
    "compiler": {
     "name": "gcc",
     "version": "6.4.0"
    },
    "namespace": "cellar-spack-repo",
    "parameters": {
     "build_type": "RelWithDebInfo",
     "cflags": [],
     "cppflags": [],
     "cxxflags": [],
     "fflags": [],
     "ldflags": [],
     "ldlibs": []
    },
    "dependencies": {
     "cmake": {
      "hash": "jegdfp5qvlfgae4rvnblnrmpjvypnhqj",
      "type": [
       "build"
      ]
     },
     "googletest": {
      "hash": "ofhjdn6loglkginggjaanzossgfqtoq3",
      "type": [
       "build",
       "link"
      ]
     },
     "openmpi": {
      "hash": "x7wbkffp2wnld5i3ghcxd66ecdl3a7zc",
      "type": [
       "build",
       "link"
      ]
     }
    },
    "hash": "qzgco2nwwutxtdxs6pqef6ttzejlrawv"
   }
  },
  "563yqgk7ytyzu3g5bzj65w7ei3uc5p3z": {
   "googletest": {
    "version": "1.8.1",
    "arch": {
     "platform": "linux",
     "platform_os": "rhel7",
     "target": "x86_64"
    },
    "compiler": {
     "name": "intel",
     "version": "18.0.5"
    },
    "namespace": "builtin",
    "parameters": {
     "build_type": "RelWithDebInfo",
     "gmock": false,
     "pthreads": true,
     "shared": true,
     "cflags": [],
     "cppflags": [],
     "cxxflags": [],
     "fflags": [],
     "ldflags": [],
     "ldlibs": []
    },
    "dependencies": {
     "cmake": {
      "hash": "tinyjfymj2wybs22ygzw3p2ixkw2uqpm",
      "type": [
       "build"
      ]
     }
    },
    "hash": "v7g6eydumfyrdirr6dekbzrdyb4islju"
   }
  },
  "lyxwvcl3lmrvlxubl7pcxm6gwssm2fpm": {
   "openmpi": {
    "version": "2.1.2",
    "arch": {
     "platform": "linux",
     "platform_os": "rhel7",
     "target": "x86_64"
    },
    "compiler": {
     "name": "gcc",
     "version": "7.4.0"
    },
    "namespace": "builtin",
    "parameters": {
     "cuda": false,
     "cxx_exceptions": true,
     "fabrics": [
      "none"
     ],
     "java": false,
     "legacylaunchers": false,
     "memchecker": false,
     "pmi": false,
     "schedulers": [
      "none"
     ],
     "sqlite3": false,
     "thread_multiple": false,
     "vt": true,
     "cflags": [],
     "cppflags": [],
     "cxxflags": [],
     "fflags": [],
     "ldflags": [],
     "ldlibs": []
    },
    "external": {
     "path": "/usr/projects/hpcsoft/toss3/snow/openmpi/2.1.2-gcc-7.4.0",
     "module": null
    },
    "hash": "lyxwvcl3lmrvlxubl7pcxm6gwssm2fpm"
   }
  },
  "fdpu7rvz6i32lnapupggbxdp7hpozq2z": {
   "mpi-cpp": {
    "version": "0.3.2",
    "arch": {
     "platform": "linux",
     "platform_os": "rhel7",
     "target": "x86_64"
    },
    "compiler": {
     "name": "intel",
     "version": "18.0.5"
    },
    "namespace": "cellar-spack-repo",
    "parameters": {
     "build_type": "RelWithDebInfo",
     "cflags": [],
     "cppflags": [],
     "cxxflags": [],
     "fflags": [],
     "ldflags": [],
     "ldlibs": []
    },
    "dependencies": {
     "cmake": {
      "hash": "tinyjfymj2wybs22ygzw3p2ixkw2uqpm",
      "type": [
       "build"
      ]
     },
     "openmpi": {
      "hash": "acojzvvgpxzbggj4va56nrnnqnc6lnum",
      "type": [
       "build",
       "link"
      ]
     },
     "optional-lite": {
      "hash": "wd4bqm4w6frtuznutnyzvs6sa2diqtjx",
      "type": [
       "build",
       "link"
      ]
     },
     "span-lite": {
      "hash": "slhvm2w6np5at6ui3wvkixuwcvoia6q7",
      "type": [
       "build",
       "link"
      ]
     }
    },
    "hash": "gjvbh4w6i2rtr6zjuq2leuz72r2kiclf"
   }
  },
  "acojzvvgpxzbggj4va56nrnnqnc6lnum": {
   "openmpi": {
    "version": "2.1.2",
    "arch": {
     "platform": "linux",
     "platform_os": "rhel7",
     "target": "x86_64"
    },
    "compiler": {
     "name": "intel",
     "version": "18.0.5"
    },
    "namespace": "builtin",
    "parameters": {
     "cuda": false,
     "cxx_exceptions": true,
     "fabrics": [
      "none"
     ],
     "java": false,
     "legacylaunchers": false,
     "memchecker": false,
     "pmi": false,
     "schedulers": [
      "none"
     ],
     "sqlite3": false,
     "thread_multiple": false,
     "vt": true,
     "cflags": [],
     "cppflags": [],
     "cxxflags": [],
     "fflags": [],
     "ldflags": [],
     "ldlibs": []
    },
    "external": {
     "path": "/usr/projects/hpcsoft/toss3/snow/openmpi/2.1.2-intel-18.0.5",
     "module": null
    },
    "hash": "acojzvvgpxzbggj4va56nrnnqnc6lnum"
   }
  },
  "rhucvkxb5iv5qjjkva6clk77clzfeksf": {
   "hwloc": {
    "version": "1.11.4",
    "arch": {
     "platform": "linux",
     "platform_os": "rhel7",
     "target": "x86_64"
    },
    "compiler": {
     "name": "gcc",
     "version": "6.4.0"
    },
    "namespace": "builtin",
    "parameters": {
     "cairo": false,
     "cuda": false,
     "gl": false,
     "libxml2": true,
     "nvml": false,
     "pci": true,
     "shared": true,
     "cflags": [],
     "cppflags": [],
     "cxxflags": [],
     "fflags": [],
     "ldflags": [],
     "ldlibs": []
    },
    "external": {
     "path": "/usr/bin",
     "module": null
    },
    "hash": "rhucvkxb5iv5qjjkva6clk77clzfeksf"
   }
  },
  "ilfz57kokq73c4osptyigshh5c23ciag": {
   "kokkos": {
    "version": "2.8.00",
    "arch": {
     "platform": "linux",
     "platform_os": "rhel7",
     "target": "x86_64"
    },
    "compiler": {
     "name": "gcc",
     "version": "7.4.0"
    },
    "namespace": "builtin",
    "parameters": {
     "aggressive_vectorization": false,
     "compiler_warnings": false,
     "cuda": false,
     "debug": false,
     "disable_deprecated_code": true,
     "disable_dualview_modify_check": false,
     "disable_profiling": false,
     "enable_eti": false,
     "enable_lambda": false,
     "enable_profile_load_print": false,
     "force_uvm": false,
     "gpu_arch": "none",
     "host_arch": "none",
     "openmp": true,
     "pic": false,
     "pthreads": false,
     "qthreads": false,
     "rdc": false,
     "serial": true,
     "use_ldg": false,
     "cflags": [],
     "cppflags": [],
     "cxxflags": [],
     "fflags": [],
     "ldflags": [],
     "ldlibs": []
    },
    "dependencies": {
     "hwloc": {
      "hash": "ibgejvpjvbgwnxxfo4dxhgykkjfa6pkt",
      "type": [
       "build",
       "link"
      ]
     }
    },
    "hash": "ilfz57kokq73c4osptyigshh5c23ciag"
   }
  },
  "bdcoupc76ylm6rzsunpwnj6sdcdqefh2": {
   "mpi-cpp": {
    "version": "0.3.2",
    "arch": {
     "platform": "linux",
     "platform_os": "rhel7",
     "target": "x86_64"
    },
    "compiler": {
     "name": "gcc",
     "version": "6.4.0"
    },
    "namespace": "cellar-spack-repo",
    "parameters": {
     "build_type": "RelWithDebInfo",
     "cflags": [],
     "cppflags": [],
     "cxxflags": [],
     "fflags": [],
     "ldflags": [],
     "ldlibs": []
    },
    "dependencies": {
     "cmake": {
      "hash": "jegdfp5qvlfgae4rvnblnrmpjvypnhqj",
      "type": [
       "build"
      ]
     },
     "openmpi": {
      "hash": "x7wbkffp2wnld5i3ghcxd66ecdl3a7zc",
      "type": [
       "build",
       "link"
      ]
     },
     "optional-lite": {
      "hash": "bfccsj2q3it7cniavxpq4chm7rnp6vgc",
      "type": [
       "build",
       "link"
      ]
     },
     "span-lite": {
      "hash": "vnawzaj7a2lz6nrffcziu3davdqwadry",
      "type": [
       "build",
       "link"
      ]
     }
    },
    "hash": "2uqzof5zatl336lczbr7the6bv6sjg3u"
   }
  },
  "jegdfp5qvlfgae4rvnblnrmpjvypnhqj": {
   "cmake": {
    "version": "3.14.6",
    "arch": {
     "platform": "linux",
     "platform_os": "rhel7",
     "target": "x86_64"
    },
    "compiler": {
     "name": "gcc",
     "version": "6.4.0"
    },
    "namespace": "builtin",
    "parameters": {
     "doc": false,
     "ncurses": true,
     "openssl": true,
     "ownlibs": true,
     "qt": false,
     "cflags": [],
     "cppflags": [],
     "cxxflags": [],
     "fflags": [],
     "ldflags": [],
     "ldlibs": []
    },
    "external": {
     "path": "/usr/projects/hpcsoft/toss3/common/x86_64/cmake/3.14.6",
     "module": "cmake/3.14.6"
    },
    "hash": "jegdfp5qvlfgae4rvnblnrmpjvypnhqj"
   }
  },
  "vnawzaj7a2lz6nrffcziu3davdqwadry": {
   "span-lite": {
    "version": "0.5.0",
    "arch": {
     "platform": "linux",
     "platform_os": "rhel7",
     "target": "x86_64"
    },
    "compiler": {
     "name": "gcc",
     "version": "6.4.0"
    },
    "namespace": "builtin",
    "parameters": {
     "build_type": "RelWithDebInfo",
     "cflags": [],
     "cppflags": [],
     "cxxflags": [],
     "fflags": [],
     "ldflags": [],
     "ldlibs": []
    },
    "dependencies": {
     "cmake": {
      "hash": "jegdfp5qvlfgae4rvnblnrmpjvypnhqj",
      "type": [
       "build"
      ]
     }
    },
    "hash": "eedmiezb55j6pwkysoo4nec4juhwxsh2"
   }
  },
  "zyudaqz2p2kr5v6bk46b3zwy4lnj4s7o": {
   "doxygen": {
    "version": "1.8.5",
    "arch": {
     "platform": "linux",
     "platform_os": "rhel7",
     "target": "x86_64"
    },
    "compiler": {
     "name": "intel",
     "version": "18.0.5"
    },
    "namespace": "builtin",
    "parameters": {
     "build_type": "RelWithDebInfo",
     "graphviz": false,
     "cflags": [],
     "cppflags": [],
     "cxxflags": [],
     "fflags": [],
     "ldflags": [],
     "ldlibs": []
    },
    "external": {
     "path": "/usr",
     "module": null
    },
    "hash": "zyudaqz2p2kr5v6bk46b3zwy4lnj4s7o"
   }
  },
  "nosvdjupkmdqj32xt4ha2vb7wdlgtmbs": {
   "gtest-mpi": {
    "version": "0.1.0",
    "arch": {
     "platform": "linux",
     "platform_os": "rhel7",
     "target": "x86_64"
    },
    "compiler": {
     "name": "gcc",
     "version": "7.4.0"
    },
    "namespace": "cellar-spack-repo",
    "parameters": {
     "build_type": "RelWithDebInfo",
     "cflags": [],
     "cppflags": [],
     "cxxflags": [],
     "fflags": [],
     "ldflags": [],
     "ldlibs": []
    },
    "dependencies": {
     "cmake": {
      "hash": "rud45rzvei2u56ajnwnghv4ri2dk3j6p",
      "type": [
       "build"
      ]
     },
     "googletest": {
      "hash": "qbk7qsn75gse4jvl2yg5b6uduk3eotdq",
      "type": [
       "build",
       "link"
      ]
     },
     "openmpi": {
      "hash": "lyxwvcl3lmrvlxubl7pcxm6gwssm2fpm",
      "type": [
       "build",
       "link"
      ]
     }
    },
    "hash": "zzdybp54hpazzakn2d6gcvxsiuq2crw2"
   }
  },
  "wd4bqm4w6frtuznutnyzvs6sa2diqtjx": {
   "optional-lite": {
    "version": "3.2.0",
    "arch": {
     "platform": "linux",
     "platform_os": "rhel7",
     "target": "x86_64"
    },
    "compiler": {
     "name": "intel",
     "version": "18.0.5"
    },
    "namespace": "builtin",
    "parameters": {
     "build_type": "RelWithDebInfo",
     "cflags": [],
     "cppflags": [],
     "cxxflags": [],
     "fflags": [],
     "ldflags": [],
     "ldlibs": []
    },
    "dependencies": {
     "cmake": {
      "hash": "tinyjfymj2wybs22ygzw3p2ixkw2uqpm",
      "type": [
       "build"
      ]
     }
    },
    "hash": "urwyaswlunvnrnw4aphvlbl5kvphenxr"
   }
  },
  "q7buhz2wu4bqr3j3fwp5haoe33mrfzyz": {
   "string-view-lite": {
    "version": "1.2.0",
    "arch": {
     "platform": "linux",
     "platform_os": "rhel7",
     "target": "x86_64"
    },
    "compiler": {
     "name": "gcc",
     "version": "6.4.0"
    },
    "namespace": "builtin",
    "parameters": {
     "build_type": "RelWithDebInfo",
     "cflags": [],
     "cppflags": [],
     "cxxflags": [],
     "fflags": [],
     "ldflags": [],
     "ldlibs": []
    },
    "dependencies": {
     "cmake": {
      "hash": "jegdfp5qvlfgae4rvnblnrmpjvypnhqj",
      "type": [
       "build"
      ]
     }
    },
    "hash": "sggzcqeoq42kitppvffat2ilgyknzv63"
   }
  },
  "ibgejvpjvbgwnxxfo4dxhgykkjfa6pkt": {
   "hwloc": {
    "version": "1.11.4",
    "arch": {
     "platform": "linux",
     "platform_os": "rhel7",
     "target": "x86_64"
    },
    "compiler": {
     "name": "gcc",
     "version": "7.4.0"
    },
    "namespace": "builtin",
    "parameters": {
     "cairo": false,
     "cuda": false,
     "gl": false,
     "libxml2": true,
     "nvml": false,
     "pci": true,
     "shared": true,
     "cflags": [],
     "cppflags": [],
     "cxxflags": [],
     "fflags": [],
     "ldflags": [],
     "ldlibs": []
    },
    "external": {
     "path": "/usr/bin",
     "module": null
    },
    "hash": "ibgejvpjvbgwnxxfo4dxhgykkjfa6pkt"
   }
  },
  "rcpr4gwcrz2o7s7mmxihicsqar6hqoez": {
   "hwloc": {
    "version": "1.11.4",
    "arch": {
     "platform": "linux",
     "platform_os": "rhel7",
     "target": "x86_64"
    },
    "compiler": {
     "name": "intel",
     "version": "18.0.5"
    },
    "namespace": "builtin",
    "parameters": {
     "cairo": false,
     "cuda": false,
     "gl": false,
     "libxml2": true,
     "nvml": false,
     "pci": true,
     "shared": true,
     "cflags": [],
     "cppflags": [],
     "cxxflags": [],
     "fflags": [],
     "ldflags": [],
     "ldlibs": []
    },
    "external": {
     "path": "/usr/bin",
     "module": null
    },
    "hash": "rcpr4gwcrz2o7s7mmxihicsqar6hqoez"
   }
  },
  "qbk7qsn75gse4jvl2yg5b6uduk3eotdq": {
   "googletest": {
    "version": "1.8.1",
    "arch": {
     "platform": "linux",
     "platform_os": "rhel7",
     "target": "x86_64"
    },
    "compiler": {
     "name": "gcc",
     "version": "7.4.0"
    },
    "namespace": "builtin",
    "parameters": {
     "build_type": "RelWithDebInfo",
     "gmock": false,
     "pthreads": true,
     "shared": true,
     "cflags": [],
     "cppflags": [],
     "cxxflags": [],
     "fflags": [],
     "ldflags": [],
     "ldlibs": []
    },
    "dependencies": {
     "cmake": {
      "hash": "rud45rzvei2u56ajnwnghv4ri2dk3j6p",
      "type": [
       "build"
      ]
     }
    },
    "hash": "32lws6d723oiwtrxutmexvva3k7j3swq"
   }
  },
  "bb2qrfwjtzarspefg5nfgj4y7qkqudnv": {
   "span-lite": {
    "version": "0.5.0",
    "arch": {
     "platform": "linux",
     "platform_os": "rhel7",
     "target": "x86_64"
    },
    "compiler": {
     "name": "gcc",
     "version": "7.4.0"
    },
    "namespace": "builtin",
    "parameters": {
     "build_type": "RelWithDebInfo",
     "cflags": [],
     "cppflags": [],
     "cxxflags": [],
     "fflags": [],
     "ldflags": [],
     "ldlibs": []
    },
    "dependencies": {
     "cmake": {
      "hash": "rud45rzvei2u56ajnwnghv4ri2dk3j6p",
      "type": [
       "build"
      ]
     }
    },
    "hash": "bb2rcjugu3be3jqdt67k6zcyanrglxia"
   }
  },
  "xyy5zjvwwqbgwwthbz2un3mausxlye7c": {
   "mpi-cpp": {
    "version": "0.3.2",
    "arch": {
     "platform": "linux",
     "platform_os": "rhel7",
     "target": "x86_64"
    },
    "compiler": {
     "name": "gcc",
     "version": "7.4.0"
    },
    "namespace": "cellar-spack-repo",
    "parameters": {
     "build_type": "RelWithDebInfo",
     "cflags": [],
     "cppflags": [],
     "cxxflags": [],
     "fflags": [],
     "ldflags": [],
     "ldlibs": []
    },
    "dependencies": {
     "cmake": {
      "hash": "rud45rzvei2u56ajnwnghv4ri2dk3j6p",
      "type": [
       "build"
      ]
     },
     "openmpi": {
      "hash": "lyxwvcl3lmrvlxubl7pcxm6gwssm2fpm",
      "type": [
       "build",
       "link"
      ]
     },
     "optional-lite": {
      "hash": "6hchte4btsduuhddl5csn25gtyk3aw7s",
      "type": [
       "build",
       "link"
      ]
     },
     "span-lite": {
      "hash": "bb2qrfwjtzarspefg5nfgj4y7qkqudnv",
      "type": [
       "build",
       "link"
      ]
     }
    },
    "hash": "q2qlj4lswxfln6b6oer6zn6rj6kr2mne"
   }
  },
  "rud45rzvei2u56ajnwnghv4ri2dk3j6p": {
   "cmake": {
    "version": "3.14.6",
    "arch": {
     "platform": "linux",
     "platform_os": "rhel7",
     "target": "x86_64"
    },
    "compiler": {
     "name": "gcc",
     "version": "7.4.0"
    },
    "namespace": "builtin",
    "parameters": {
     "doc": false,
     "ncurses": true,
     "openssl": true,
     "ownlibs": true,
     "qt": false,
     "cflags": [],
     "cppflags": [],
     "cxxflags": [],
     "fflags": [],
     "ldflags": [],
     "ldlibs": []
    },
    "external": {
     "path": "/usr/projects/hpcsoft/toss3/common/x86_64/cmake/3.14.6",
     "module": "cmake/3.14.6"
    },
    "hash": "rud45rzvei2u56ajnwnghv4ri2dk3j6p"
   }
  },
  "x7wbkffp2wnld5i3ghcxd66ecdl3a7zc": {
   "openmpi": {
    "version": "2.1.2",
    "arch": {
     "platform": "linux",
     "platform_os": "rhel7",
     "target": "x86_64"
    },
    "compiler": {
     "name": "gcc",
     "version": "6.4.0"
    },
    "namespace": "builtin",
    "parameters": {
     "cuda": false,
     "cxx_exceptions": true,
     "fabrics": [
      "none"
     ],
     "java": false,
     "legacylaunchers": false,
     "memchecker": false,
     "pmi": false,
     "schedulers": [
      "none"
     ],
     "sqlite3": false,
     "thread_multiple": false,
     "vt": true,
     "cflags": [],
     "cppflags": [],
     "cxxflags": [],
     "fflags": [],
     "ldflags": [],
     "ldlibs": []
    },
    "external": {
     "path": "/usr/projects/hpcsoft/toss3/snow/openmpi/2.1.2-gcc-6.4.0",
     "module": null
    },
    "hash": "x7wbkffp2wnld5i3ghcxd66ecdl3a7zc"
   }
  },
  "6hchte4btsduuhddl5csn25gtyk3aw7s": {
   "optional-lite": {
    "version": "3.2.0",
    "arch": {
     "platform": "linux",
     "platform_os": "rhel7",
     "target": "x86_64"
    },
    "compiler": {
     "name": "gcc",
     "version": "7.4.0"
    },
    "namespace": "builtin",
    "parameters": {
     "build_type": "RelWithDebInfo",
     "cflags": [],
     "cppflags": [],
     "cxxflags": [],
     "fflags": [],
     "ldflags": [],
     "ldlibs": []
    },
    "dependencies": {
     "cmake": {
      "hash": "rud45rzvei2u56ajnwnghv4ri2dk3j6p",
      "type": [
       "build"
      ]
     }
    },
    "hash": "6dkrjqiiakfiquk37zv7ae4dr4afaiht"
   }
  },
  "rxolc4c7sni6x3bplc3ugs5ezdykhpli": {
   "kokkos": {
    "version": "2.8.00",
    "arch": {
     "platform": "linux",
     "platform_os": "rhel7",
     "target": "x86_64"
    },
    "compiler": {
     "name": "gcc",
     "version": "6.4.0"
    },
    "namespace": "builtin",
    "parameters": {
     "aggressive_vectorization": false,
     "compiler_warnings": false,
     "cuda": false,
     "debug": false,
     "disable_deprecated_code": true,
     "disable_dualview_modify_check": false,
     "disable_profiling": false,
     "enable_eti": false,
     "enable_lambda": false,
     "enable_profile_load_print": false,
     "force_uvm": false,
     "gpu_arch": "none",
     "host_arch": "none",
     "openmp": true,
     "pic": false,
     "pthreads": false,
     "qthreads": false,
     "rdc": false,
     "serial": true,
     "use_ldg": false,
     "cflags": [],
     "cppflags": [],
     "cxxflags": [],
     "fflags": [],
     "ldflags": [],
     "ldlibs": []
    },
    "dependencies": {
     "hwloc": {
      "hash": "rhucvkxb5iv5qjjkva6clk77clzfeksf",
      "type": [
       "build",
       "link"
      ]
     }
    },
    "hash": "rxolc4c7sni6x3bplc3ugs5ezdykhpli"
   }
  },
  "slhvm2w6np5at6ui3wvkixuwcvoia6q7": {
   "span-lite": {
    "version": "0.5.0",
    "arch": {
     "platform": "linux",
     "platform_os": "rhel7",
     "target": "x86_64"
    },
    "compiler": {
     "name": "intel",
     "version": "18.0.5"
    },
    "namespace": "builtin",
    "parameters": {
     "build_type": "RelWithDebInfo",
     "cflags": [],
     "cppflags": [],
     "cxxflags": [],
     "fflags": [],
     "ldflags": [],
     "ldlibs": []
    },
    "dependencies": {
     "cmake": {
      "hash": "tinyjfymj2wybs22ygzw3p2ixkw2uqpm",
      "type": [
       "build"
      ]
     }
    },
    "hash": "e66f7m4ozvx35uglisotcb5lwglndql5"
   }
  },
  "tinyjfymj2wybs22ygzw3p2ixkw2uqpm": {
   "cmake": {
    "version": "3.14.6",
    "arch": {
     "platform": "linux",
     "platform_os": "rhel7",
     "target": "x86_64"
    },
    "compiler": {
     "name": "intel",
     "version": "18.0.5"
    },
    "namespace": "builtin",
    "parameters": {
     "doc": false,
     "ncurses": true,
     "openssl": true,
     "ownlibs": true,
     "qt": false,
     "cflags": [],
     "cppflags": [],
     "cxxflags": [],
     "fflags": [],
     "ldflags": [],
     "ldlibs": []
    },
    "external": {
     "path": "/usr/projects/hpcsoft/toss3/common/x86_64/cmake/3.14.6",
     "module": "cmake/3.14.6"
    },
    "hash": "tinyjfymj2wybs22ygzw3p2ixkw2uqpm"
   }
  },
  "tplkslulq2gdsqqlshpqwapkkww3ymsd": {
   "string-view-lite": {
    "version": "1.2.0",
    "arch": {
     "platform": "linux",
     "platform_os": "rhel7",
     "target": "x86_64"
    },
    "compiler": {
     "name": "gcc",
     "version": "7.4.0"
    },
    "namespace": "builtin",
    "parameters": {
     "build_type": "RelWithDebInfo",
     "cflags": [],
     "cppflags": [],
     "cxxflags": [],
     "fflags": [],
     "ldflags": [],
     "ldlibs": []
    },
    "dependencies": {
     "cmake": {
      "hash": "rud45rzvei2u56ajnwnghv4ri2dk3j6p",
      "type": [
       "build"
      ]
     }
    },
    "hash": "kjghomeh62xk34rjl4ucvkkyxvbgmuzg"
   }
  },
  "bfccsj2q3it7cniavxpq4chm7rnp6vgc": {
   "optional-lite": {
    "version": "3.2.0",
    "arch": {
     "platform": "linux",
     "platform_os": "rhel7",
     "target": "x86_64"
    },
    "compiler": {
     "name": "gcc",
     "version": "6.4.0"
    },
    "namespace": "builtin",
    "parameters": {
     "build_type": "RelWithDebInfo",
     "cflags": [],
     "cppflags": [],
     "cxxflags": [],
     "fflags": [],
     "ldflags": [],
     "ldlibs": []
    },
    "dependencies": {
     "cmake": {
      "hash": "jegdfp5qvlfgae4rvnblnrmpjvypnhqj",
      "type": [
       "build"
      ]
     }
    },
    "hash": "agtgcggbjetujh5q7bcwh5nqbgs6p43s"
   }
  },
  "twaaxznv2g5ygzq7cbqe3zzar7fv6ehl": {
   "benchmark": {
    "version": "1.4.0",
    "arch": {
     "platform": "linux",
     "platform_os": "rhel7",
     "target": "x86_64"
    },
    "compiler": {
     "name": "intel",
     "version": "18.0.5"
    },
    "namespace": "builtin",
    "parameters": {
     "build_type": "RelWithDebInfo",
     "cflags": [],
     "cppflags": [],
     "cxxflags": [],
     "fflags": [],
     "ldflags": [],
     "ldlibs": []
    },
    "dependencies": {
     "cmake": {
      "hash": "tinyjfymj2wybs22ygzw3p2ixkw2uqpm",
      "type": [
       "build"
      ]
     }
    },
    "hash": "dkssvvwxhwicuseirvucunpxttflkt53"
   }
  }
 },
 "_meta": {
  "lockfile-version": 2,
  "file-type": "spack-lockfile"
 },
 "roots": [
  {
   "hash": "tinyjfymj2wybs22ygzw3p2ixkw2uqpm",
   "spec": "cmake@3.13:"
  },
  {
   "hash": "zyudaqz2p2kr5v6bk46b3zwy4lnj4s7o",
   "spec": "doxygen@1.8:"
  },
  {
   "hash": "twaaxznv2g5ygzq7cbqe3zzar7fv6ehl",
   "spec": "benchmark@1.4.0%intel@18.0.5"
  },
  {
   "hash": "6xlfhcxs6o6xeced4gsmwl2akf46wpe5",
   "spec": "kokkos%intel@18.0.5+disable_deprecated_code+openmp"
  },
  {
   "hash": "rxolc4c7sni6x3bplc3ugs5ezdykhpli",
   "spec": "kokkos%gcc@6.4.0+disable_deprecated_code+openmp"
  },
  {
   "hash": "563yqgk7ytyzu3g5bzj65w7ei3uc5p3z",
   "spec": "googletest@1.8:%intel@18.0.5"
  },
  {
   "hash": "ofhjdn6loglkginggjaanzossgfqtoq3",
   "spec": "googletest@1.8:%gcc@6.4.0"
  },
  {
   "hash": "acojzvvgpxzbggj4va56nrnnqnc6lnum",
   "spec": "mpi@3.0:%intel@18.0.5"
  },
  {
   "hash": "x7wbkffp2wnld5i3ghcxd66ecdl3a7zc",
   "spec": "mpi@3.0:%gcc@6.4.0"
  },
  {
   "hash": "fdpu7rvz6i32lnapupggbxdp7hpozq2z",
   "spec": "mpi-cpp@0.3:%intel@18.0.5"
  },
  {
   "hash": "bdcoupc76ylm6rzsunpwnj6sdcdqefh2",
   "spec": "mpi-cpp@0.3:%gcc@6.4.0"
  },
  {
   "hash": "sxgr3c372ensycdnlsfrb7k2i3yji7hl",
   "spec": "gtest-mpi@0.1:%intel@18.0.5"
  },
  {
   "hash": "xeohrl35giaod6ep642zjlotpot4rmyt",
   "spec": "gtest-mpi@0.1:%gcc@6.4.0"
  },
  {
   "hash": "wd4bqm4w6frtuznutnyzvs6sa2diqtjx",
   "spec": "optional-lite@3.2:%intel@18.0.5"
  },
  {
   "hash": "bfccsj2q3it7cniavxpq4chm7rnp6vgc",
   "spec": "optional-lite@3.2:%gcc@6.4.0"
  },
  {
   "hash": "slhvm2w6np5at6ui3wvkixuwcvoia6q7",
   "spec": "span-lite@0.5:%intel@18.0.5"
  },
  {
   "hash": "vnawzaj7a2lz6nrffcziu3davdqwadry",
   "spec": "span-lite@0.5:%gcc@6.4.0"
  },
  {
   "hash": "mqdqvztrhtpiuybeoice3osi55efs2q4",
   "spec": "string-view-lite@1.2:%intel@18.0.5"
  },
  {
   "hash": "q7buhz2wu4bqr3j3fwp5haoe33mrfzyz",
   "spec": "string-view-lite@1.2:%gcc@6.4.0"
  },
  {
   "hash": "ilfz57kokq73c4osptyigshh5c23ciag",
   "spec": "kokkos%gcc@7.4.0+disable_deprecated_code+openmp"
  },
  {
   "hash": "qbk7qsn75gse4jvl2yg5b6uduk3eotdq",
   "spec": "googletest@1.8:%gcc@7.4.0"
  },
  {
   "hash": "lyxwvcl3lmrvlxubl7pcxm6gwssm2fpm",
   "spec": "mpi@3.0:%gcc@7.4.0"
  },
  {
   "hash": "xyy5zjvwwqbgwwthbz2un3mausxlye7c",
   "spec": "mpi-cpp@0.3:%gcc@7.4.0"
  },
  {
   "hash": "nosvdjupkmdqj32xt4ha2vb7wdlgtmbs",
   "spec": "gtest-mpi@0.1:%gcc@7.4.0"
  },
  {
   "hash": "6hchte4btsduuhddl5csn25gtyk3aw7s",
   "spec": "optional-lite@3.2:%gcc@7.4.0"
  },
  {
   "hash": "bb2qrfwjtzarspefg5nfgj4y7qkqudnv",
   "spec": "span-lite@0.5:%gcc@7.4.0"
  },
  {
   "hash": "tplkslulq2gdsqqlshpqwapkkww3ymsd",
   "spec": "string-view-lite@1.2:%gcc@7.4.0"
  }
 ]
}